
Microsoft Visual Studio Solution File, Format Version 12.00
# Visual Studio 15
VisualStudioVersion = 15.0.28307.1062
MinimumVisualStudioVersion = 10.0.40219.1
Project("{FAE04EC0-301F-11D3-BF4B-00C04F79EFBC}") = "Ryba10", "Ryba10.csproj", "{3A68EC5C-F6BB-4EE8-865C-2E7B852671CD}"
EndProject
Global
	GlobalSection(SolutionConfigurationPlatforms) = preSolution
		Debug|Any CPU = Debug|Any CPU
		Release|Any CPU = Release|Any CPU
	EndGlobalSection
	GlobalSection(ProjectConfigurationPlatforms) = postSolution
		{3A68EC5C-F6BB-4EE8-865C-2E7B852671CD}.Debug|Any CPU.ActiveCfg = Debug|Any CPU
		{3A68EC5C-F6BB-4EE8-865C-2E7B852671CD}.Debug|Any CPU.Build.0 = Debug|Any CPU
		{3A68EC5C-F6BB-4EE8-865C-2E7B852671CD}.Release|Any CPU.ActiveCfg = Release|Any CPU
		{3A68EC5C-F6BB-4EE8-865C-2E7B852671CD}.Release|Any CPU.Build.0 = Release|Any CPU
	EndGlobalSection
	GlobalSection(SolutionProperties) = preSolution
		HideSolutionNode = FALSE
	EndGlobalSection
	GlobalSection(ExtensibilityGlobals) = postSolution
		SolutionGuid = {69ADAA1A-66A6-4F24-AF04-93AEAF2E692C}
	EndGlobalSection
EndGlobal
